// !$*UTF8*$!
{
	archiveVersion = 1;
	classes = {
	};
	objectVersion = 56;
	objects = {

/* Begin PBXBuildFile section */
		3102D2AC28EC994700A290DB /* AppDelegate.swift in Sources */ = {isa = PBXBuildFile; fileRef = 3102D2AB28EC994700A290DB /* AppDelegate.swift */; };
		3102D2AE28EC994700A290DB /* SceneDelegate.swift in Sources */ = {isa = PBXBuildFile; fileRef = 3102D2AD28EC994700A290DB /* SceneDelegate.swift */; };
		3102D2B028EC994700A290DB /* ViewController.swift in Sources */ = {isa = PBXBuildFile; fileRef = 3102D2AF28EC994700A290DB /* ViewController.swift */; };
		3102D2B328EC994700A290DB /* Main.storyboard in Resources */ = {isa = PBXBuildFile; fileRef = 3102D2B128EC994700A290DB /* Main.storyboard */; };
		3102D2B628EC994700A290DB /* MyBooksProject.xcdatamodeld in Sources */ = {isa = PBXBuildFile; fileRef = 3102D2B428EC994700A290DB /* MyBooksProject.xcdatamodeld */; };
		3102D2B828EC994900A290DB /* Assets.xcassets in Resources */ = {isa = PBXBuildFile; fileRef = 3102D2B728EC994900A290DB /* Assets.xcassets */; };
		3102D2BB28EC994900A290DB /* LaunchScreen.storyboard in Resources */ = {isa = PBXBuildFile; fileRef = 3102D2B928EC994900A290DB /* LaunchScreen.storyboard */; };
		316149B228EDF0630070C2E3 /* DetailsVC.swift in Sources */ = {isa = PBXBuildFile; fileRef = 316149B128EDF0630070C2E3 /* DetailsVC.swift */; };
		316149B428EDFB510070C2E3 /* select.png in Resources */ = {isa = PBXBuildFile; fileRef = 316149B328EDFB510070C2E3 /* select.png */; };
/* End PBXBuildFile section */

/* Begin PBXFileReference section */
		3102D2A828EC994700A290DB /* MyBooksProject.app */ = {isa = PBXFileReference; explicitFileType = wrapper.application; includeInIndex = 0; path = MyBooksProject.app; sourceTree = BUILT_PRODUCTS_DIR; };
		3102D2AB28EC994700A290DB /* AppDelegate.swift */ = {isa = PBXFileReference; lastKnownFileType = sourcecode.swift; path = AppDelegate.swift; sourceTree = "<group>"; };
		3102D2AD28EC994700A290DB /* SceneDelegate.swift */ = {isa = PBXFileReference; lastKnownFileType = sourcecode.swift; path = SceneDelegate.swift; sourceTree = "<group>"; };
		3102D2AF28EC994700A290DB /* ViewController.swift */ = {isa = PBXFileReference; lastKnownFileType = sourcecode.swift; path = ViewController.swift; sourceTree = "<group>"; };
		3102D2B228EC994700A290DB /* Base */ = {isa = PBXFileReference; lastKnownFileType = file.storyboard; name = Base; path = Base.lproj/Main.storyboard; sourceTree = "<group>"; };
		3102D2B528EC994700A290DB /* MyBooksProject.xcdatamodel */ = {isa = PBXFileReference; lastKnownFileType = wrapper.xcdatamodel; path = MyBooksProject.xcdatamodel; sourceTree = "<group>"; };
		3102D2B728EC994900A290DB /* Assets.xcassets */ = {isa = PBXFileReference; lastKnownFileType = folder.assetcatalog; path = Assets.xcassets; sourceTree = "<group>"; };
		3102D2BA28EC994900A290DB /* Base */ = {isa = PBXFileReference; lastKnownFileType = file.storyboard; name = Base; path = Base.lproj/LaunchScreen.storyboard; sourceTree = "<group>"; };
		3102D2BC28EC994900A290DB /* Info.plist */ = {isa = PBXFileReference; lastKnownFileType = text.plist.xml; path = Info.plist; sourceTree = "<group>"; };
		316149B128EDF0630070C2E3 /* DetailsVC.swift */ = {isa = PBXFileReference; lastKnownFileType = sourcecode.swift; path = DetailsVC.swift; sourceTree = "<group>"; };
		316149B328EDFB510070C2E3 /* select.png */ = {isa = PBXFileReference; lastKnownFileType = image.png; name = select.png; path = ../../../select.png; sourceTree = "<group>"; };
/* End PBXFileReference section */

/* Begin PBXFrameworksBuildPhase section */
		3102D2A528EC994700A290DB /* Frameworks */ = {
			isa = PBXFrameworksBuildPhase;
			buildActionMask = 2147483647;
			files = (
			);
			runOnlyForDeploymentPostprocessing = 0;
		};
/* End PBXFrameworksBuildPhase section */

/* Begin PBXGroup section */
		3102D29F28EC994700A290DB = {
			isa = PBXGroup;
			children = (
				3102D2AA28EC994700A290DB /* MyBooksProject */,
				3102D2A928EC994700A290DB /* Products */,
			);
			sourceTree = "<group>";
		};
		3102D2A928EC994700A290DB /* Products */ = {
			isa = PBXGroup;
			children = (
				3102D2A828EC994700A290DB /* MyBooksProject.app */,
			);
			name = Products;
			sourceTree = "<group>";
		};
		3102D2AA28EC994700A290DB /* MyBooksProject */ = {
			isa = PBXGroup;
			children = (
				316149B328EDFB510070C2E3 /* select.png */,
				3102D2AB28EC994700A290DB /* AppDelegate.swift */,
				3102D2AD28EC994700A290DB /* SceneDelegate.swift */,
				3102D2AF28EC994700A290DB /* ViewController.swift */,
				316149B128EDF0630070C2E3 /* DetailsVC.swift */,
				3102D2B128EC994700A290DB /* Main.storyboard */,
				3102D2B728EC994900A290DB /* Assets.xcassets */,
				3102D2B928EC994900A290DB /* LaunchScreen.storyboard */,
				3102D2BC28EC994900A290DB /* Info.plist */,
				3102D2B428EC994700A290DB /* MyBooksProject.xcdatamodeld */,
			);
			path = MyBooksProject;
			sourceTree = "<group>";
		};
/* End PBXGroup section */

/* Begin PBXNativeTarget section */
		3102D2A728EC994700A290DB /* MyBooksProject */ = {
			isa = PBXNativeTarget;
			buildConfigurationList = 3102D2BF28EC994900A290DB /* Build configuration list for PBXNativeTarget "MyBooksProject" */;
			buildPhases = (
				3102D2A428EC994700A290DB /* Sources */,
				3102D2A528EC994700A290DB /* Frameworks */,
				3102D2A628EC994700A290DB /* Resources */,
			);
			buildRules = (
			);
			dependencies = (
			);
			name = MyBooksProject;
			productName = MyBooksProject;
			productReference = 3102D2A828EC994700A290DB /* MyBooksProject.app */;
			productType = "com.apple.product-type.application";
		};
/* End PBXNativeTarget section */

/* Begin PBXProject section */
		3102D2A028EC994700A290DB /* Project object */ = {
			isa = PBXProject;
			attributes = {
				BuildIndependentTargetsInParallel = 1;
				LastSwiftUpdateCheck = 1400;
				LastUpgradeCheck = 1400;
				TargetAttributes = {
					3102D2A728EC994700A290DB = {
						CreatedOnToolsVersion = 14.0;
					};
				};
			};
			buildConfigurationList = 3102D2A328EC994700A290DB /* Build configuration list for PBXProject "MyBooksProject" */;
			compatibilityVersion = "Xcode 14.0";
			developmentRegion = en;
			hasScannedForEncodings = 0;
			knownRegions = (
				en,
				Base,
			);
			mainGroup = 3102D29F28EC994700A290DB;
			productRefGroup = 3102D2A928EC994700A290DB /* Products */;
			projectDirPath = "";
			projectRoot = "";
			targets = (
				3102D2A728EC994700A290DB /* MyBooksProject */,
			);
		};
/* End PBXProject section */

/* Begin PBXResourcesBuildPhase section */
		3102D2A628EC994700A290DB /* Resources */ = {
			isa = PBXResourcesBuildPhase;
			buildActionMask = 2147483647;
			files = (
				3102D2BB28EC994900A290DB /* LaunchScreen.storyboard in Resources */,
				316149B428EDFB510070C2E3 /* select.png in Resources */,
				3102D2B828EC994900A290DB /* Assets.xcassets in Resources */,
				3102D2B328EC994700A290DB /* Main.storyboard in Resources */,
			);
			runOnlyForDeploymentPostprocessing = 0;
		};
/* End PBXResourcesBuildPhase section */

/* Begin PBXSourcesBuildPhase section */
		3102D2A428EC994700A290DB /* Sources */ = {
			isa = PBXSourcesBuildPhase;
			buildActionMask = 2147483647;
			files = (
				3102D2B028EC994700A290DB /* ViewController.swift in Sources */,
				3102D2AC28EC994700A290DB /* AppDelegate.swift in Sources */,
				3102D2B628EC994700A290DB /* MyBooksProject.xcdatamodeld in Sources */,
				3102D2AE28EC994700A290DB /* SceneDelegate.swift in Sources */,
				316149B228EDF0630070C2E3 /* DetailsVC.swift in Sources */,
			);
			runOnlyForDeploymentPostprocessing = 0;
		};
/* End PBXSourcesBuildPhase section */

/* Begin PBXVariantGroup section */
		3102D2B128EC994700A290DB /* Main.storyboard */ = {
			isa = PBXVariantGroup;
			children = (
				3102D2B228EC994700A290DB /* Base */,
			);
			name = Main.storyboard;
			sourceTree = "<group>";
		};
		3102D2B928EC994900A290DB /* LaunchScreen.storyboard */ = {
			isa = PBXVariantGroup;
			children = (
				3102D2BA28EC994900A290DB /* Base */,
			);
			name = LaunchScreen.storyboard;
			sourceTree = "<group>";
		};
/* End PBXVariantGroup section */

/* Begin XCBuildConfiguration section */
		3102D2BD28EC994900A290DB /* Debug */ = {
			isa = XCBuildConfiguration;
			buildSettings = {
				ALWAYS_SEARCH_USER_PATHS = NO;
				CLANG_ANALYZER_NONNULL = YES;
				CLANG_ANALYZER_NUMBER_OBJECT_CONVERSION = YES_AGGRESSIVE;
				CLANG_CXX_LANGUAGE_STANDARD = "gnu++20";
				CLANG_ENABLE_MODULES = YES;
				CLANG_ENABLE_OBJC_ARC = YES;
				CLANG_ENABLE_OBJC_WEAK = YES;
				CLANG_WARN_BLOCK_CAPTURE_AUTORELEASING = YES;
				CLANG_WARN_BOOL_CONVERSION = YES;
				CLANG_WARN_COMMA = YES;
				CLANG_WARN_CONSTANT_CONVERSION = YES;
				CLANG_WARN_DEPRECATED_OBJC_IMPLEMENTATIONS = YES;
				CLANG_WARN_DIRECT_OBJC_ISA_USAGE = YES_ERROR;
				CLANG_WARN_DOCUMENTATION_COMMENTS = YES;
				CLANG_WARN_EMPTY_BODY = YES;
				CLANG_WARN_ENUM_CONVERSION = YES;
				CLANG_WARN_INFINITE_RECURSION = YES;
				CLANG_WARN_INT_CONVERSION = YES;
				CLANG_WARN_NON_LITERAL_NULL_CONVERSION = YES;
				CLANG_WARN_OBJC_IMPLICIT_RETAIN_SELF = YES;
				CLANG_WARN_OBJC_LITERAL_CONVERSION = YES;
				CLANG_WARN_OBJC_ROOT_CLASS = YES_ERROR;
				CLANG_WARN_QUOTED_INCLUDE_IN_FRAMEWORK_HEADER = YES;
				CLANG_WARN_RANGE_LOOP_ANALYSIS = YES;
				CLANG_WARN_STRICT_PROTOTYPES = YES;
				CLANG_WARN_SUSPICIOUS_MOVE = YES;
				CLANG_WARN_UNGUARDED_AVAILABILITY = YES_AGGRESSIVE;
				CLANG_WARN_UNREACHABLE_CODE = YES;
				CLANG_WARN__DUPLICATE_METHOD_MATCH = YES;
				COPY_PHASE_STRIP = NO;
				DEBUG_INFORMATION_FORMAT = dwarf;
				ENABLE_STRICT_OBJC_MSGSEND = YES;
				ENABLE_TESTABILITY = YES;
				GCC_C_LANGUAGE_STANDARD = gnu11;
				GCC_DYNAMIC_NO_PIC = NO;
				GCC_NO_COMMON_BLOCKS = YES;
				GCC_OPTIMIZATION_LEVEL = 0;
				GCC_PREPROCESSOR_DEFINITIONS = (
					"DEBUG=1",
					"$(inherited)",
				);
				GCC_WARN_64_TO_32_BIT_CONVERSION = YES;
				GCC_WARN_ABOUT_RETURN_TYPE = YES_ERROR;
				GCC_WARN_UNDECLARED_SELECTOR = YES;
				GCC_WARN_UNINITIALIZED_AUTOS = YES_AGGRESSIVE;
				GCC_WARN_UNUSED_FUNCTION = YES;
				GCC_WARN_UNUSED_VARIABLE = YES;
				IPHONEOS_DEPLOYMENT_TARGET = 16.0;
				MTL_ENABLE_DEBUG_INFO = INCLUDE_SOURCE;
				MTL_FAST_MATH = YES;
				ONLY_ACTIVE_ARCH = YES;
				SDKROOT = iphoneos;
				SWIFT_ACTIVE_COMPILATION_CONDITIONS = DEBUG;
				SWIFT_OPTIMIZATION_LEVEL = "-Onone";
			};
			name = Debug;
		};
		3102D2BE28EC994900A290DB /* Release */ = {
			isa = XCBuildConfiguration;
			buildSettings = {
				ALWAYS_SEARCH_USER_PATHS = NO;
				CLANG_ANALYZER_NONNULL = YES;
				CLANG_ANALYZER_NUMBER_OBJECT_CONVERSION = YES_AGGRESSIVE;
				CLANG_CXX_LANGUAGE_STANDARD = "gnu++20";
				CLANG_ENABLE_MODULES = YES;
				CLANG_ENABLE_OBJC_ARC = YES;
				CLANG_ENABLE_OBJC_WEAK = YES;
				CLANG_WARN_BLOCK_CAPTURE_AUTORELEASING = YES;
				CLANG_WARN_BOOL_CONVERSION = YES;
				CLANG_WARN_COMMA = YES;
				CLANG_WARN_CONSTANT_CONVERSION = YES;
				CLANG_WARN_DEPRECATED_OBJC_IMPLEMENTATIONS = YES;
				CLANG_WARN_DIRECT_OBJC_ISA_USAGE = YES_ERROR;
				CLANG_WARN_DOCUMENTATION_COMMENTS = YES;
				CLANG_WARN_EMPTY_BODY = YES;
				CLANG_WARN_ENUM_CONVERSION = YES;
				CLANG_WARN_INFINITE_RECURSION = YES;
				CLANG_WARN_INT_CONVERSION = YES;
				CLANG_WARN_NON_LITERAL_NULL_CONVERSION = YES;
				CLANG_WARN_OBJC_IMPLICIT_RETAIN_SELF = YES;
				CLANG_WARN_OBJC_LITERAL_CONVERSION = YES;
				CLANG_WARN_OBJC_ROOT_CLASS = YES_ERROR;
				CLANG_WARN_QUOTED_INCLUDE_IN_FRAMEWORK_HEADER = YES;
				CLANG_WARN_RANGE_LOOP_ANALYSIS = YES;
				CLANG_WARN_STRICT_PROTOTYPES = YES;
				CLANG_WARN_SUSPICIOUS_MOVE = YES;
				CLANG_WARN_UNGUARDED_AVAILABILITY = YES_AGGRESSIVE;
				CLANG_WARN_UNREACHABLE_CODE = YES;
				CLANG_WARN__DUPLICATE_METHOD_MATCH = YES;
				COPY_PHASE_STRIP = NO;
				DEBUG_INFORMATION_FORMAT = "dwarf-with-dsym";
				ENABLE_NS_ASSERTIONS = NO;
				ENABLE_STRICT_OBJC_MSGSEND = YES;
				GCC_C_LANGUAGE_STANDARD = gnu11;
				GCC_NO_COMMON_BLOCKS = YES;
				GCC_WARN_64_TO_32_BIT_CONVERSION = YES;
				GCC_WARN_ABOUT_RETURN_TYPE = YES_ERROR;
				GCC_WARN_UNDECLARED_SELECTOR = YES;
				GCC_WARN_UNINITIALIZED_AUTOS = YES_AGGRESSIVE;
				GCC_WARN_UNUSED_FUNCTION = YES;
				GCC_WARN_UNUSED_VARIABLE = YES;
				IPHONEOS_DEPLOYMENT_TARGET = 16.0;
				MTL_ENABLE_DEBUG_INFO = NO;
				MTL_FAST_MATH = YES;
				SDKROOT = iphoneos;
				SWIFT_COMPILATION_MODE = wholemodule;
				SWIFT_OPTIMIZATION_LEVEL = "-O";
				VALIDATE_PRODUCT = YES;
			};
			name = Release;
		};
		3102D2C028EC994900A290DB /* Debug */ = {
			isa = XCBuildConfiguration;
			buildSettings = {
				ASSETCATALOG_COMPILER_APPICON_NAME = AppIcon;
				ASSETCATALOG_COMPILER_GLOBAL_ACCENT_COLOR_NAME = AccentColor;
				CODE_SIGN_STYLE = Automatic;
				CURRENT_PROJECT_VERSION = 1;
				DEVELOPMENT_TEAM = LD92982N8X;
				GENERATE_INFOPLIST_FILE = YES;
				INFOPLIST_FILE = MyBooksProject/Info.plist;
				INFOPLIST_KEY_UIApplicationSupportsIndirectInputEvents = YES;
				INFOPLIST_KEY_UILaunchStoryboardName = LaunchScreen;
				INFOPLIST_KEY_UIMainStoryboardFile = Main;
				INFOPLIST_KEY_UISupportedInterfaceOrientations_iPad = "UIInterfaceOrientationPortrait UIInterfaceOrientationPortraitUpsideDown UIInterfaceOrientationLandscapeLeft UIInterfaceOrientationLandscapeRight";
				INFOPLIST_KEY_UISupportedInterfaceOrientations_iPhone = "UIInterfaceOrientationPortrait UIInterfaceOrientationLandscapeLeft UIInterfaceOrientationLandscapeRight";
				LD_RUNPATH_SEARCH_PATHS = (
					"$(inherited)",
					"@executable_path/Frameworks",
				);
				MARKETING_VERSION = 1.0;
				PRODUCT_BUNDLE_IDENTIFIER = com.ozancicek.MyBooksProject;
				PRODUCT_NAME = "$(TARGET_NAME)";
				SWIFT_EMIT_LOC_STRINGS = YES;
				SWIFT_VERSION = 5.0;
				TARGETED_DEVICE_FAMILY = "1,2";
			};
			name = Debug;
		};
		3102D2C128EC994900A290DB /* Release */ = {
			isa = XCBuildConfiguration;
			buildSettings = {
				ASSETCATALOG_COMPILER_APPICON_NAME = AppIcon;
				ASSETCATALOG_COMPILER_GLOBAL_ACCENT_COLOR_NAME = AccentColor;
				CODE_SIGN_STYLE = Automatic;
				CURRENT_PROJECT_VERSION = 1;
				DEVELOPMENT_TEAM = LD92982N8X;
				GENERATE_INFOPLIST_FILE = YES;
				INFOPLIST_FILE = MyBooksProject/Info.plist;
				INFOPLIST_KEY_UIApplicationSupportsIndirectInputEvents = YES;
				INFOPLIST_KEY_UILaunchStoryboardName = LaunchScreen;
				INFOPLIST_KEY_UIMainStoryboardFile = Main;
				INFOPLIST_KEY_UISupportedInterfaceOrientations_iPad = "UIInterfaceOrientationPortrait UIInterfaceOrientationPortraitUpsideDown UIInterfaceOrientationLandscapeLeft UIInterfaceOrientationLandscapeRight";
				INFOPLIST_KEY_UISupportedInterfaceOrientations_iPhone = "UIInterfaceOrientationPortrait UIInterfaceOrientationLandscapeLeft UIInterfaceOrientationLandscapeRight";
				LD_RUNPATH_SEARCH_PATHS = (
					"$(inherited)",
					"@executable_path/Frameworks",
				);
				MARKETING_VERSION = 1.0;
				PRODUCT_BUNDLE_IDENTIFIER = com.ozancicek.MyBooksProject;
				PRODUCT_NAME = "$(TARGET_NAME)";
				SWIFT_EMIT_LOC_STRINGS = YES;
				SWIFT_VERSION = 5.0;
				TARGETED_DEVICE_FAMILY = "1,2";
			};
			name = Release;
		};
/* End XCBuildConfiguration section */

/* Begin XCConfigurationList section */
		3102D2A328EC994700A290DB /* Build configuration list for PBXProject "MyBooksProject" */ = {
			isa = XCConfigurationList;
			buildConfigurations = (
				3102D2BD28EC994900A290DB /* Debug */,
				3102D2BE28EC994900A290DB /* Release */,
			);
			defaultConfigurationIsVisible = 0;
			defaultConfigurationName = Release;
		};
		3102D2BF28EC994900A290DB /* Build configuration list for PBXNativeTarget "MyBooksProject" */ = {
			isa = XCConfigurationList;
			buildConfigurations = (
				3102D2C028EC994900A290DB /* Debug */,
				3102D2C128EC994900A290DB /* Release */,
			);
			defaultConfigurationIsVisible = 0;
			defaultConfigurationName = Release;
		};
/* End XCConfigurationList section */

/* Begin XCVersionGroup section */
		3102D2B428EC994700A290DB /* MyBooksProject.xcdatamodeld */ = {
			isa = XCVersionGroup;
			children = (
				3102D2B528EC994700A290DB /* MyBooksProject.xcdatamodel */,
			);
			currentVersion = 3102D2B528EC994700A290DB /* MyBooksProject.xcdatamodel */;
			path = MyBooksProject.xcdatamodeld;
			sourceTree = "<group>";
			versionGroupType = wrapper.xcdatamodel;
		};
/* End XCVersionGroup section */
	};
	rootObject = 3102D2A028EC994700A290DB /* Project object */;
}
